# Production and PEP 517 build dependencies for the Python 3.13 image.
# Update intentionally: refresh these exact pins together and rerun the image
# build plus the backend test suite.
annotated-doc==0.0.5
annotated-types==0.8.0
anyio==4.14.2
click==8.5.0
dnspython==2.8.0
email-validator==2.3.0
fastapi==0.141.1
greenlet==3.5.5
h11==0.16.0
hatchling==1.32.0
httptools==0.8.0
idna==3.19
packaging==26.3
pathspec==1.1.1
pluggy==1.6.0
pydantic==2.13.4
pydantic-settings==2.15.0
pydantic_core==2.46.4
python-dotenv==1.2.3
PyYAML==6.0.3
SQLAlchemy==2.0.52
starlette==1.6.0
tomlkit==0.15.1
trove-classifiers==2026.6.1.19
typing-inspection==0.4.4
typing_extensions==4.16.0
uvicorn==0.52.4
uvloop==0.22.1
watchfiles==1.2.0
websockets==17.1
